<?xml version="1.0" encoding="utf-8"?>
<Project ToolsVersion="4.0" xmlns="http://schemas.microsoft.com/developer/msbuild/2003">
  <ItemGroup>
    <ClCompile Include="$(MSBuildThisFileDirectory)TitleStage.cpp">
      <Filter>Stage\Title</Filter>
    </ClCompile>
    <ClCompile Include="$(MSBuildThisFileDirectory)BaseMenu.cpp">
      <Filter>Menu\Base</Filter>
    </ClCompile>
    <ClCompile Include="$(MSBuildThisFileDirectory)TitleMenu.cpp">
      <Filter>Menu\Title</Filter>
    </ClCompile>
    <ClCompile Include="$(MSBuildThisFileDirectory)CSVLoad.cpp">
      <Filter>CSVLoad</Filter>
    </ClCompile>
    <ClCompile Include="$(MSBuildThisFileDirectory)GameStage.cpp">
      <Filter>Stage\Game</Filter>
    </ClCompile>
    <ClCompile Include="$(MSBuildThisFileDirectory)MainCamera.cpp">
      <Filter>MainCamera</Filter>
    </ClCompile>
    <ClCompile Include="$(MSBuildThisFileDirectory)StageObject.cpp">
      <Filter>StageObject</Filter>
    </ClCompile>
    <ClCompile Include="$(MSBuildThisFileDirectory)block.cpp">
      <Filter>StageObject\Block</Filter>
    </ClCompile>
    <ClCompile Include="$(MSBuildThisFileDirectory)Character.cpp">
      <Filter>Others</Filter>
    </ClCompile>
    <ClCompile Include="$(MSBuildThisFileDirectory)ProjectBehavior.cpp">
      <Filter>Others</Filter>
    </ClCompile>
    <ClCompile Include="$(MSBuildThisFileDirectory)ProjectShader.cpp">
      <Filter>Others</Filter>
    </ClCompile>
    <ClCompile Include="$(MSBuildThisFileDirectory)WinMain.cpp">
      <Filter>Others</Filter>
    </ClCompile>
    <ClCompile Include="$(MSBuildThisFileDirectory)Cursor.cpp">
      <Filter>Menu</Filter>
    </ClCompile>
    <ClCompile Include="$(MSBuildThisFileDirectory)Numbers.cpp">
      <Filter>UI\Numbers</Filter>
    </ClCompile>
    <ClCompile Include="$(MSBuildThisFileDirectory)Player.cpp">
      <Filter>Player</Filter>
    </ClCompile>
    <ClCompile Include="$(MSBuildThisFileDirectory)StringSprite2.cpp">
      <Filter>StringSprite2</Filter>
    </ClCompile>
    <ClCompile Include="$(MSBuildThisFileDirectory)Scene.cpp">
      <Filter>Scene</Filter>
    </ClCompile>
    <ClCompile Include="$(MSBuildThisFileDirectory)Score.cpp">
      <Filter>UI\Score</Filter>
    </ClCompile>
    <ClCompile Include="$(MSBuildThisFileDirectory)SelectStage.cpp">
      <Filter>Stage\StageSelect</Filter>
    </ClCompile>
    <ClCompile Include="$(MSBuildThisFileDirectory)PauceMenu.cpp">
      <Filter>Menu\Pauce</Filter>
    </ClCompile>
    <ClCompile Include="$(MSBuildThisFileDirectory)Plane.cpp">
      <Filter>StageObject\Plane</Filter>
    </ClCompile>
    <ClCompile Include="$(MSBuildThisFileDirectory)StageLoad.cpp" />
    <ClCompile Include="$(MSBuildThisFileDirectory)Debug.cpp">
      <Filter>Debug</Filter>
    </ClCompile>
    <ClCompile Include="$(MSBuildThisFileDirectory)AdvCollision.cpp">
      <Filter>AdvCollision</Filter>
    </ClCompile>
    <ClCompile Include="$(MSBuildThisFileDirectory)Block2.cpp">
      <Filter>StageObject\Block</Filter>
    </ClCompile>
    <ClCompile Include="$(MSBuildThisFileDirectory)SpikesArt.cpp">
      <Filter>TrickArt\SpikesArt</Filter>
    </ClCompile>
    <ClCompile Include="$(MSBuildThisFileDirectory)BlockArt.cpp">
      <Filter>TrickArt\BlockArt</Filter>
    </ClCompile>
    <ClCompile Include="$(MSBuildThisFileDirectory)TrickArtBase.cpp">
      <Filter>TrickArt</Filter>
    </ClCompile>
    <ClCompile Include="$(MSBuildThisFileDirectory)Enemy.cpp">
      <Filter>StageObject\Enemy</Filter>
    </ClCompile>
    <ClCompile Include="$(MSBuildThisFileDirectory)EnemyArt.cpp">
      <Filter>TrickArt\EnemyArt</Filter>
    </ClCompile>
    <ClCompile Include="$(MSBuildThisFileDirectory)Spikes.cpp">
      <Filter>StageObject\Spikes</Filter>
    </ClCompile>
    <ClCompile Include="$(MSBuildThisFileDirectory)Stairs.cpp">
      <Filter>StageObject\Stairs</Filter>
    </ClCompile>
    <ClCompile Include="$(MSBuildThisFileDirectory)StairsArt.cpp">
      <Filter>TrickArt\StairsArt</Filter>
    </ClCompile>
    <ClCompile Include="$(MSBuildThisFileDirectory)Crystal.cpp">
      <Filter>UI\Crystal</Filter>
    </ClCompile>
    <ClCompile Include="$(MSBuildThisFileDirectory)HP.cpp">
      <Filter>UI\HP</Filter>
    </ClCompile>
    <ClCompile Include="$(MSBuildThisFileDirectory)Timer.cpp">
      <Filter>UI\Timer</Filter>
    </ClCompile>
  </ItemGroup>
  <ItemGroup>
    <ClInclude Include="$(MSBuildThisFileDirectory)Project.h" />
    <ClInclude Include="$(MSBuildThisFileDirectory)InputHandler.h" />
    <ClInclude Include="$(MSBuildThisFileDirectory)TitleStage.h">
      <Filter>Stage\Title</Filter>
    </ClInclude>
    <ClInclude Include="$(MSBuildThisFileDirectory)BaseMenu.h">
      <Filter>Menu\Base</Filter>
    </ClInclude>
    <ClInclude Include="$(MSBuildThisFileDirectory)TitleMenu.h">
      <Filter>Menu\Title</Filter>
    </ClInclude>
    <ClInclude Include="$(MSBuildThisFileDirectory)CSVLoad.h">
      <Filter>CSVLoad</Filter>
    </ClInclude>
    <ClInclude Include="$(MSBuildThisFileDirectory)GameStage.h">
      <Filter>Stage\Game</Filter>
    </ClInclude>
    <ClInclude Include="$(MSBuildThisFileDirectory)MainCamera.h">
      <Filter>MainCamera</Filter>
    </ClInclude>
    <ClInclude Include="$(MSBuildThisFileDirectory)StageObject.h">
      <Filter>StageObject</Filter>
    </ClInclude>
    <ClInclude Include="$(MSBuildThisFileDirectory)block.h">
      <Filter>StageObject\Block</Filter>
    </ClInclude>
    <ClInclude Include="$(MSBuildThisFileDirectory)Character.h">
      <Filter>Others</Filter>
    </ClInclude>
    <ClInclude Include="$(MSBuildThisFileDirectory)ProjectBehavior.h">
      <Filter>Others</Filter>
    </ClInclude>
    <ClInclude Include="$(MSBuildThisFileDirectory)ProjectShader.h">
      <Filter>Others</Filter>
    </ClInclude>
    <ClInclude Include="$(MSBuildThisFileDirectory)Cursor.h">
      <Filter>Menu</Filter>
    </ClInclude>
    <ClInclude Include="$(MSBuildThisFileDirectory)Numbers.h">
      <Filter>UI\Numbers</Filter>
    </ClInclude>
    <ClInclude Include="$(MSBuildThisFileDirectory)Player.h">
      <Filter>Player</Filter>
    </ClInclude>
    <ClInclude Include="$(MSBuildThisFileDirectory)StringSprite2.h">
      <Filter>StringSprite2</Filter>
    </ClInclude>
    <ClInclude Include="$(MSBuildThisFileDirectory)Scene.h">
      <Filter>Scene</Filter>
    </ClInclude>
    <ClInclude Include="$(MSBuildThisFileDirectory)Score.h">
      <Filter>UI\Score</Filter>
    </ClInclude>
    <ClInclude Include="$(MSBuildThisFileDirectory)SelectStage.h">
      <Filter>Stage\StageSelect</Filter>
    </ClInclude>
    <ClInclude Include="$(MSBuildThisFileDirectory)PauceMenu.h">
      <Filter>Menu\Pauce</Filter>
    </ClInclude>
    <ClInclude Include="$(MSBuildThisFileDirectory)Plane.h">
      <Filter>StageObject\Plane</Filter>
    </ClInclude>
    <ClInclude Include="$(MSBuildThisFileDirectory)StageLoad.h" />
    <ClInclude Include="$(MSBuildThisFileDirectory)Debug.h">
      <Filter>Debug</Filter>
    </ClInclude>
    <ClInclude Include="$(MSBuildThisFileDirectory)AdvCollision.h">
      <Filter>AdvCollision</Filter>
    </ClInclude>
    <ClInclude Include="$(MSBuildThisFileDirectory)Block2.h">
      <Filter>StageObject\Block</Filter>
    </ClInclude>
    <ClInclude Include="$(MSBuildThisFileDirectory)SpikesArt.h">
      <Filter>TrickArt\SpikesArt</Filter>
    </ClInclude>
    <ClInclude Include="$(MSBuildThisFileDirectory)BlockArt.h">
      <Filter>TrickArt\BlockArt</Filter>
    </ClInclude>
    <ClInclude Include="$(MSBuildThisFileDirectory)TrickArtBase.h">
      <Filter>TrickArt</Filter>
    </ClInclude>
    <ClInclude Include="$(MSBuildThisFileDirectory)Enemy.h">
      <Filter>StageObject\Enemy</Filter>
    </ClInclude>
    <ClInclude Include="$(MSBuildThisFileDirectory)EnemyArt.h">
      <Filter>TrickArt\EnemyArt</Filter>
    </ClInclude>
    <ClInclude Include="$(MSBuildThisFileDirectory)Spikes.h">
      <Filter>StageObject\Spikes</Filter>
    </ClInclude>
    <ClInclude Include="$(MSBuildThisFileDirectory)Stairs.h">
      <Filter>StageObject\Stairs</Filter>
    </ClInclude>
    <ClInclude Include="$(MSBuildThisFileDirectory)StairsArt.h">
      <Filter>TrickArt\StairsArt</Filter>
    </ClInclude>
    <ClInclude Include="$(MSBuildThisFileDirectory)Crystal.h">
      <Filter>UI\Crystal</Filter>
    </ClInclude>
    <ClInclude Include="$(MSBuildThisFileDirectory)HP.h">
      <Filter>UI\HP</Filter>
    </ClInclude>
    <ClInclude Include="$(MSBuildThisFileDirectory)Timer.h">
      <Filter>UI\Timer</Filter>
    </ClInclude>
  </ItemGroup>
  <ItemGroup>
    <Filter Include="Menu">
      <UniqueIdentifier>{34c89af8-53f6-4d3d-bc61-e6e3348a5ad0}</UniqueIdentifier>
    </Filter>
    <Filter Include="Stage">
      <UniqueIdentifier>{9af9580b-409b-4116-9e04-e3caf1b10d71}</UniqueIdentifier>
    </Filter>
    <Filter Include="Stage\Title">
      <UniqueIdentifier>{ed974480-9356-4c15-8d3e-8bf6d713abd8}</UniqueIdentifier>
    </Filter>
    <Filter Include="Menu\Base">
      <UniqueIdentifier>{5a4a3632-8b81-4f46-8a48-2fda5aa38d44}</UniqueIdentifier>
    </Filter>
    <Filter Include="Menu\Title">
      <UniqueIdentifier>{dfca9f62-d1d3-4b0a-a054-bc1e8f5e44d2}</UniqueIdentifier>
    </Filter>
    <Filter Include="CSVLoad">
      <UniqueIdentifier>{1ddc1224-3b67-4b92-8f66-22cb15ccd8de}</UniqueIdentifier>
    </Filter>
    <Filter Include="Stage\Game">
      <UniqueIdentifier>{7f8d7d4f-ca46-4627-ba63-8dd0170b29ff}</UniqueIdentifier>
    </Filter>
    <Filter Include="MainCamera">
      <UniqueIdentifier>{fd4aef28-3891-462a-9267-c902ba59aea5}</UniqueIdentifier>
    </Filter>
    <Filter Include="StageObject">
      <UniqueIdentifier>{a97031a4-833e-494b-a185-e66a485634d9}</UniqueIdentifier>
    </Filter>
    <Filter Include="StageObject\Block">
      <UniqueIdentifier>{4273b867-bc0b-43ec-a02d-5539642b77c1}</UniqueIdentifier>
    </Filter>
    <Filter Include="Others">
      <UniqueIdentifier>{dcbd2ca3-6770-42e2-9101-d518422e41ba}</UniqueIdentifier>
    </Filter>
    <Filter Include="Player">
      <UniqueIdentifier>{d2164d2a-d9d1-4b32-8a45-08d1c40fa3fa}</UniqueIdentifier>
    </Filter>
    <Filter Include="TrickArt">
      <UniqueIdentifier>{e525854f-80cd-4a4d-b07d-d03184b7ceb6}</UniqueIdentifier>
    </Filter>
    <Filter Include="StringSprite2">
      <UniqueIdentifier>{2ccdd530-0b81-4521-a066-e8ab1b7d378d}</UniqueIdentifier>
    </Filter>
    <Filter Include="Scene">
      <UniqueIdentifier>{fa796446-a655-492d-b2a6-40959787c5cc}</UniqueIdentifier>
    </Filter>
    <Filter Include="Stage\StageSelect">
      <UniqueIdentifier>{31774cb2-2c6a-43f3-b43f-3ec4791d38aa}</UniqueIdentifier>
    </Filter>
    <Filter Include="Menu\Pauce">
      <UniqueIdentifier>{49ec9838-a100-461c-a2d7-1bd8ddf6a16f}</UniqueIdentifier>
    </Filter>
    <Filter Include="UI">
      <UniqueIdentifier>{66909802-4bbf-4472-ad1f-30d85cc88e7a}</UniqueIdentifier>
    </Filter>
    <Filter Include="UI\Score">
      <UniqueIdentifier>{7d984e76-5141-43db-b2ae-deecf136978b}</UniqueIdentifier>
    </Filter>
    <Filter Include="StageObject\Plane">
      <UniqueIdentifier>{386660d9-b501-4dff-98f6-c412f8eb45b6}</UniqueIdentifier>
    </Filter>
    <Filter Include="AdvCollision">
      <UniqueIdentifier>{90b65f16-86bc-4892-b205-fec30b8c7182}</UniqueIdentifier>
    </Filter>
    <Filter Include="TrickArt\SpikesArt">
      <UniqueIdentifier>{6e7361d4-45f9-4f88-81d6-7de7369502ef}</UniqueIdentifier>
    </Filter>
    <Filter Include="TrickArt\BlockArt">
      <UniqueIdentifier>{c5e02e68-389c-408a-99a5-328058d6744e}</UniqueIdentifier>
    </Filter>
    <Filter Include="StageObject\Enemy">
      <UniqueIdentifier>{586a5dab-c961-40fd-aa4f-e4e209fe7433}</UniqueIdentifier>
    </Filter>
    <Filter Include="StageObject\Spikes">
      <UniqueIdentifier>{18f7986c-460f-490a-89c3-a4026f2fc3dc}</UniqueIdentifier>
    </Filter>
    <Filter Include="TrickArt\EnemyArt">
      <UniqueIdentifier>{caae5ccc-006d-40fc-88dc-a7b5741f883a}</UniqueIdentifier>
    </Filter>
    <Filter Include="StageObject\Stairs">
      <UniqueIdentifier>{f5c04e3e-653c-4468-b91b-9a3779dffcae}</UniqueIdentifier>
    </Filter>
    <Filter Include="TrickArt\StairsArt">
      <UniqueIdentifier>{fce8a45c-60e5-4304-aa78-33f9dbe04bbe}</UniqueIdentifier>
    </Filter>
    <Filter Include="Debug">
      <UniqueIdentifier>{b10393ed-2132-483b-93a3-591e01fa6454}</UniqueIdentifier>
    </Filter>
    <Filter Include="UI\Timer">
      <UniqueIdentifier>{6608a8b6-31b6-4ba0-82ed-a4403f99efe3}</UniqueIdentifier>
    </Filter>
    <Filter Include="UI\Crystal">
      <UniqueIdentifier>{84ac965e-a525-4696-af52-d9a13596bec9}</UniqueIdentifier>
    </Filter>
    <Filter Include="UI\HP">
      <UniqueIdentifier>{9b9ef253-f12e-4a6c-8ba4-9fc792b68b66}</UniqueIdentifier>
    </Filter>
    <Filter Include="UI\Numbers">
      <UniqueIdentifier>{6cd4b4f2-d794-4a97-969f-0f410d9a2920}</UniqueIdentifier>
    </Filter>
  </ItemGroup>
</Project>